
Microsoft Visual Studio Solution File, Format Version 12.00
# Visual Studio Version 17
VisualStudioVersion = 17.3.32804.467
MinimumVisualStudioVersion = 10.0.40219.1
Project("{FAE04EC0-301F-11D3-BF4B-00C04F79EFBC}") = "WebApplication3", "WebApplication3\WebApplication3.csproj", "{AC41766F-77CD-462A-97A7-95183DC7F408}"
EndProject
Global
	GlobalSection(SolutionConfigurationPlatforms) = preSolution
		Debug|Any CPU = Debug|Any CPU
		Release|Any CPU = Release|Any CPU
	EndGlobalSection
	GlobalSection(ProjectConfigurationPlatforms) = postSolution
		{AC41766F-77CD-462A-97A7-95183DC7F408}.Debug|Any CPU.ActiveCfg = Debug|Any CPU
		{AC41766F-77CD-462A-97A7-95183DC7F408}.Debug|Any CPU.Build.0 = Debug|Any CPU
		{AC41766F-77CD-462A-97A7-95183DC7F408}.Release|Any CPU.ActiveCfg = Release|Any CPU
		{AC41766F-77CD-462A-97A7-95183DC7F408}.Release|Any CPU.Build.0 = Release|Any CPU
	EndGlobalSection
	GlobalSection(SolutionProperties) = preSolution
		HideSolutionNode = FALSE
	EndGlobalSection
	GlobalSection(ExtensibilityGlobals) = postSolution
		SolutionGuid = {58D26F49-FF73-4D24-AB90-F6CC20A1AF3C}
	EndGlobalSection
EndGlobal
